
Microsoft Visual Studio Solution File, Format Version 12.00
# Visual Studio 14
VisualStudioVersion = 14.0.25420.1
MinimumVisualStudioVersion = 10.0.40219.1
Project("{FAE04EC0-301F-11D3-BF4B-00C04F79EFBC}") = "ReactiveUI.Fody", "ReactiveUI.Fody\ReactiveUI.Fody.csproj", "{CCACB6C3-4C59-4372-85D1-CDDCE0D26989}"
EndProject
Project("{D954291E-2A0B-460D-934E-DC6B0785DB48}") = "ReactiveUI.Fody.Helpers", "ReactiveUI.Fody.Helpers\ReactiveUI.Fody.Helpers.shproj", "{4433FF2E-3150-4D7F-BE18-A2258799B79D}"
EndProject
Project("{FAE04EC0-301F-11D3-BF4B-00C04F79EFBC}") = "ReactiveUI.Fody.Helpers.Net45", "ReactiveUI.Fody.Helpers.Net45\ReactiveUI.Fody.Helpers.Net45.csproj", "{1CA52110-BE45-4C45-B709-28061077E2A5}"
EndProject
Project("{FAE04EC0-301F-11D3-BF4B-00C04F79EFBC}") = "ReactiveUI.Fody.Helpers.Pcl", "ReactiveUI.Fody.Helpers.Pcl\ReactiveUI.Fody.Helpers.Pcl.csproj", "{8509509A-17C7-4CF0-84AD-5DD208446766}"
EndProject
Project("{2150E333-8FDC-42A3-9474-1A3956D46DE8}") = ".nuget", ".nuget", "{841EF03D-D23E-45CB-8BF5-362F32225C96}"
	ProjectSection(SolutionItems) = preProject
		.nuget\packages.config = .nuget\packages.config
	EndProjectSection
EndProject
Project("{FAE04EC0-301F-11D3-BF4B-00C04F79EFBC}") = "ReactiveUI.Fody.Tests", "ReactiveUI.Fody.Tests\ReactiveUI.Fody.Tests.csproj", "{A735C110-6877-4C3A-8056-9ABC5FB2DD91}"
EndProject
Global
	GlobalSection(SharedMSBuildProjectFiles) = preSolution
		ReactiveUI.Fody.Helpers\ReactiveUI.Fody.Helpers.projitems*{1ca52110-be45-4c45-b709-28061077e2a5}*SharedItemsImports = 4
		ReactiveUI.Fody.Helpers\ReactiveUI.Fody.Helpers.projitems*{4433ff2e-3150-4d7f-be18-a2258799b79d}*SharedItemsImports = 13
		ReactiveUI.Fody.Helpers\ReactiveUI.Fody.Helpers.projitems*{8509509a-17c7-4cf0-84ad-5dd208446766}*SharedItemsImports = 4
	EndGlobalSection
	GlobalSection(SolutionConfigurationPlatforms) = preSolution
		Debug|Any CPU = Debug|Any CPU
		Release|Any CPU = Release|Any CPU
	EndGlobalSection
	GlobalSection(ProjectConfigurationPlatforms) = postSolution
		{CCACB6C3-4C59-4372-85D1-CDDCE0D26989}.Debug|Any CPU.ActiveCfg = Debug|Any CPU
		{CCACB6C3-4C59-4372-85D1-CDDCE0D26989}.Debug|Any CPU.Build.0 = Debug|Any CPU
		{CCACB6C3-4C59-4372-85D1-CDDCE0D26989}.Release|Any CPU.ActiveCfg = Release|Any CPU
		{CCACB6C3-4C59-4372-85D1-CDDCE0D26989}.Release|Any CPU.Build.0 = Release|Any CPU
		{1CA52110-BE45-4C45-B709-28061077E2A5}.Debug|Any CPU.ActiveCfg = Debug|Any CPU
		{1CA52110-BE45-4C45-B709-28061077E2A5}.Debug|Any CPU.Build.0 = Debug|Any CPU
		{1CA52110-BE45-4C45-B709-28061077E2A5}.Release|Any CPU.ActiveCfg = Release|Any CPU
		{1CA52110-BE45-4C45-B709-28061077E2A5}.Release|Any CPU.Build.0 = Release|Any CPU
		{8509509A-17C7-4CF0-84AD-5DD208446766}.Debug|Any CPU.ActiveCfg = Debug|Any CPU
		{8509509A-17C7-4CF0-84AD-5DD208446766}.Debug|Any CPU.Build.0 = Debug|Any CPU
		{8509509A-17C7-4CF0-84AD-5DD208446766}.Release|Any CPU.ActiveCfg = Release|Any CPU
		{8509509A-17C7-4CF0-84AD-5DD208446766}.Release|Any CPU.Build.0 = Release|Any CPU
		{A735C110-6877-4C3A-8056-9ABC5FB2DD91}.Debug|Any CPU.ActiveCfg = Debug|Any CPU
		{A735C110-6877-4C3A-8056-9ABC5FB2DD91}.Debug|Any CPU.Build.0 = Debug|Any CPU
		{A735C110-6877-4C3A-8056-9ABC5FB2DD91}.Release|Any CPU.ActiveCfg = Release|Any CPU
		{A735C110-6877-4C3A-8056-9ABC5FB2DD91}.Release|Any CPU.Build.0 = Release|Any CPU
	EndGlobalSection
	GlobalSection(SolutionProperties) = preSolution
		HideSolutionNode = FALSE
	EndGlobalSection
EndGlobal
