
Microsoft Visual Studio Solution File, Format Version 12.00
# Visual Studio 15
VisualStudioVersion = 15.0.27428.1
MinimumVisualStudioVersion = 10.0.40219.1
Project("{9A19103F-16F7-4668-BE54-9A1E7A4F7556}") = "ReactiveUI.Fody", "ReactiveUI.Fody\ReactiveUI.Fody.csproj", "{B9F005C0-E67F-4142-A4C6-069DD328353B}"
EndProject
Project("{9A19103F-16F7-4668-BE54-9A1E7A4F7556}") = "ReactiveUI.Fody.Helpers", "ReactiveUI.Fody.Helpers\ReactiveUI.Fody.Helpers.csproj", "{240B624A-A7FC-4E83-ADAE-C4FB45B27886}"
EndProject
Project("{FAE04EC0-301F-11D3-BF4B-00C04F79EFBC}") = "ReactiveUI.Fody.Tests", "ReactiveUI.Fody.Tests\ReactiveUI.Fody.Tests.csproj", "{A735C110-6877-4C3A-8056-9ABC5FB2DD91}"
EndProject
Global
	GlobalSection(SolutionConfigurationPlatforms) = preSolution
		Debug|Any CPU = Debug|Any CPU
		Release|Any CPU = Release|Any CPU
	EndGlobalSection
	GlobalSection(ProjectConfigurationPlatforms) = postSolution
		{B9F005C0-E67F-4142-A4C6-069DD328353B}.Debug|Any CPU.ActiveCfg = Debug|Any CPU
		{B9F005C0-E67F-4142-A4C6-069DD328353B}.Debug|Any CPU.Build.0 = Debug|Any CPU
		{B9F005C0-E67F-4142-A4C6-069DD328353B}.Release|Any CPU.ActiveCfg = Release|Any CPU
		{B9F005C0-E67F-4142-A4C6-069DD328353B}.Release|Any CPU.Build.0 = Release|Any CPU
		{240B624A-A7FC-4E83-ADAE-C4FB45B27886}.Debug|Any CPU.ActiveCfg = Debug|Any CPU
		{240B624A-A7FC-4E83-ADAE-C4FB45B27886}.Debug|Any CPU.Build.0 = Debug|Any CPU
		{240B624A-A7FC-4E83-ADAE-C4FB45B27886}.Release|Any CPU.ActiveCfg = Release|Any CPU
		{240B624A-A7FC-4E83-ADAE-C4FB45B27886}.Release|Any CPU.Build.0 = Release|Any CPU
		{A735C110-6877-4C3A-8056-9ABC5FB2DD91}.Debug|Any CPU.ActiveCfg = Debug|Any CPU
		{A735C110-6877-4C3A-8056-9ABC5FB2DD91}.Debug|Any CPU.Build.0 = Debug|Any CPU
		{A735C110-6877-4C3A-8056-9ABC5FB2DD91}.Release|Any CPU.ActiveCfg = Release|Any CPU
		{A735C110-6877-4C3A-8056-9ABC5FB2DD91}.Release|Any CPU.Build.0 = Release|Any CPU
	EndGlobalSection
	GlobalSection(SolutionProperties) = preSolution
		HideSolutionNode = FALSE
	EndGlobalSection
	GlobalSection(ExtensibilityGlobals) = postSolution
		SolutionGuid = {ACAB3365-CA9A-43F0-B348-2C600ECAD25B}
	EndGlobalSection
EndGlobal
